
Microsoft Visual Studio Solution File, Format Version 12.00
Project("{FAE04EC0-301F-11D3-BF4B-00C04F79EFBC}") = "Searchy", "Searchy\Searchy.csproj", "{A20D6830-45C3-4AC9-B8BA-2A857810E6BA}"
EndProject
Global
	GlobalSection(SolutionConfigurationPlatforms) = preSolution
		Debug|Any CPU = Debug|Any CPU
		Release|Any CPU = Release|Any CPU
	EndGlobalSection
	GlobalSection(ProjectConfigurationPlatforms) = postSolution
		{A20D6830-45C3-4AC9-B8BA-2A857810E6BA}.Debug|Any CPU.ActiveCfg = Debug|Any CPU
		{A20D6830-45C3-4AC9-B8BA-2A857810E6BA}.Debug|Any CPU.Build.0 = Debug|Any CPU
		{A20D6830-45C3-4AC9-B8BA-2A857810E6BA}.Release|Any CPU.ActiveCfg = Release|Any CPU
		{A20D6830-45C3-4AC9-B8BA-2A857810E6BA}.Release|Any CPU.Build.0 = Release|Any CPU
	EndGlobalSection
EndGlobal
